// !$*UTF8*$!
{
	archiveVersion = 1;
	classes = {
	};
	objectVersion = 77;
	objects = {

/* Begin PBXBuildFile section */
		BC1E600C2D96BF43000409A7 /* GoogleService-Info.plist in Resources */ = {isa = PBXBuildFile; fileRef = BC1E600B2D96BF42000409A7 /* GoogleService-Info.plist */; };
		BC1E60112D971E3F000409A7 /* FirebaseAuth in Frameworks */ = {isa = PBXBuildFile; productRef = BC1E60102D971E3F000409A7 /* FirebaseAuth */; };
		BC1E60132D971E3F000409A7 /* FirebaseDatabase in Frameworks */ = {isa = PBXBuildFile; productRef = BC1E60122D971E3F000409A7 /* FirebaseDatabase */; };
		BC1E60152D971E3F000409A7 /* FirebaseFirestore in Frameworks */ = {isa = PBXBuildFile; productRef = BC1E60142D971E3F000409A7 /* FirebaseFirestore */; };
		BC1E60172D971E3F000409A7 /* FirebaseMessaging in Frameworks */ = {isa = PBXBuildFile; productRef = BC1E60162D971E3F000409A7 /* FirebaseMessaging */; };
		BC1E60192D971E3F000409A7 /* FirebaseStorage in Frameworks */ = {isa = PBXBuildFile; productRef = BC1E60182D971E3F000409A7 /* FirebaseStorage */; };
/* End PBXBuildFile section */

/* Begin PBXContainerItemProxy section */
		BCAB06BD2D8F1DC300B4AA36 /* PBXContainerItemProxy */ = {
			isa = PBXContainerItemProxy;
			containerPortal = BCAB06A42D8F1DC100B4AA36 /* Project object */;
			proxyType = 1;
			remoteGlobalIDString = BCAB06AB2D8F1DC100B4AA36;
			remoteInfo = Vinted;
		};
		BCAB06C72D8F1DC300B4AA36 /* PBXContainerItemProxy */ = {
			isa = PBXContainerItemProxy;
			containerPortal = BCAB06A42D8F1DC100B4AA36 /* Project object */;
			proxyType = 1;
			remoteGlobalIDString = BCAB06AB2D8F1DC100B4AA36;
			remoteInfo = Vinted;
		};
/* End PBXContainerItemProxy section */

/* Begin PBXFileReference section */
		BC1E600B2D96BF42000409A7 /* GoogleService-Info.plist */ = {isa = PBXFileReference; lastKnownFileType = text.plist.xml; path = "GoogleService-Info.plist"; sourceTree = "<group>"; };
		BCAB06AC2D8F1DC100B4AA36 /* Vinted.app */ = {isa = PBXFileReference; explicitFileType = wrapper.application; includeInIndex = 0; path = Vinted.app; sourceTree = BUILT_PRODUCTS_DIR; };
		BCAB06BC2D8F1DC300B4AA36 /* VintedTests.xctest */ = {isa = PBXFileReference; explicitFileType = wrapper.cfbundle; includeInIndex = 0; path = VintedTests.xctest; sourceTree = BUILT_PRODUCTS_DIR; };
		BCAB06C62D8F1DC300B4AA36 /* VintedUITests.xctest */ = {isa = PBXFileReference; explicitFileType = wrapper.cfbundle; includeInIndex = 0; path = VintedUITests.xctest; sourceTree = BUILT_PRODUCTS_DIR; };
/* End PBXFileReference section */

/* Begin PBXFileSystemSynchronizedRootGroup section */
		BCAB06AE2D8F1DC100B4AA36 /* Vinted */ = {
			isa = PBXFileSystemSynchronizedRootGroup;
			path = Vinted;
			sourceTree = "<group>";
		};
		BCAB06BF2D8F1DC300B4AA36 /* VintedTests */ = {
			isa = PBXFileSystemSynchronizedRootGroup;
			path = VintedTests;
			sourceTree = "<group>";
		};
		BCAB06C92D8F1DC300B4AA36 /* VintedUITests */ = {
			isa = PBXFileSystemSynchronizedRootGroup;
			path = VintedUITests;
			sourceTree = "<group>";
		};
/* End PBXFileSystemSynchronizedRootGroup section */

/* Begin PBXFrameworksBuildPhase section */
		BCAB06A92D8F1DC100B4AA36 /* Frameworks */ = {
			isa = PBXFrameworksBuildPhase;
			buildActionMask = 2147483647;
			files = (
				BC1E60172D971E3F000409A7 /* FirebaseMessaging in Frameworks */,
				BC1E60132D971E3F000409A7 /* FirebaseDatabase in Frameworks */,
				BC1E60112D971E3F000409A7 /* FirebaseAuth in Frameworks */,
				BC1E60192D971E3F000409A7 /* FirebaseStorage in Frameworks */,
				BC1E60152D971E3F000409A7 /* FirebaseFirestore in Frameworks */,
			);
			runOnlyForDeploymentPostprocessing = 0;
		};
		BCAB06B92D8F1DC300B4AA36 /* Frameworks */ = {
			isa = PBXFrameworksBuildPhase;
			buildActionMask = 2147483647;
			files = (
			);
			runOnlyForDeploymentPostprocessing = 0;
		};
		BCAB06C32D8F1DC300B4AA36 /* Frameworks */ = {
			isa = PBXFrameworksBuildPhase;
			buildActionMask = 2147483647;
			files = (
			);
			runOnlyForDeploymentPostprocessing = 0;
		};
/* End PBXFrameworksBuildPhase section */

/* Begin PBXGroup section */
		BCAB06A32D8F1DC100B4AA36 = {
			isa = PBXGroup;
			children = (
				BCAB06AE2D8F1DC100B4AA36 /* Vinted */,
				BCAB06BF2D8F1DC300B4AA36 /* VintedTests */,
				BCAB06C92D8F1DC300B4AA36 /* VintedUITests */,
				BC1E600B2D96BF42000409A7 /* GoogleService-Info.plist */,
				BCAB06AD2D8F1DC100B4AA36 /* Products */,
			);
			sourceTree = "<group>";
		};
		BCAB06AD2D8F1DC100B4AA36 /* Products */ = {
			isa = PBXGroup;
			children = (
				BCAB06AC2D8F1DC100B4AA36 /* Vinted.app */,
				BCAB06BC2D8F1DC300B4AA36 /* VintedTests.xctest */,
				BCAB06C62D8F1DC300B4AA36 /* VintedUITests.xctest */,
			);
			name = Products;
			sourceTree = "<group>";
		};
/* End PBXGroup section */

/* Begin PBXNativeTarget section */
		BCAB06AB2D8F1DC100B4AA36 /* Vinted */ = {
			isa = PBXNativeTarget;
			buildConfigurationList = BCAB06D02D8F1DC300B4AA36 /* Build configuration list for PBXNativeTarget "Vinted" */;
			buildPhases = (
				BCAB06A82D8F1DC100B4AA36 /* Sources */,
				BCAB06A92D8F1DC100B4AA36 /* Frameworks */,
				BCAB06AA2D8F1DC100B4AA36 /* Resources */,
			);
			buildRules = (
			);
			dependencies = (
			);
			fileSystemSynchronizedGroups = (
				BCAB06AE2D8F1DC100B4AA36 /* Vinted */,
			);
			name = Vinted;
			packageProductDependencies = (
				BC1E60102D971E3F000409A7 /* FirebaseAuth */,
				BC1E60122D971E3F000409A7 /* FirebaseDatabase */,
				BC1E60142D971E3F000409A7 /* FirebaseFirestore */,
				BC1E60162D971E3F000409A7 /* FirebaseMessaging */,
				BC1E60182D971E3F000409A7 /* FirebaseStorage */,
			);
			productName = Vinted;
			productReference = BCAB06AC2D8F1DC100B4AA36 /* Vinted.app */;
			productType = "com.apple.product-type.application";
		};
		BCAB06BB2D8F1DC300B4AA36 /* VintedTests */ = {
			isa = PBXNativeTarget;
			buildConfigurationList = BCAB06D32D8F1DC300B4AA36 /* Build configuration list for PBXNativeTarget "VintedTests" */;
			buildPhases = (
				BCAB06B82D8F1DC300B4AA36 /* Sources */,
				BCAB06B92D8F1DC300B4AA36 /* Frameworks */,
				BCAB06BA2D8F1DC300B4AA36 /* Resources */,
			);
			buildRules = (
			);
			dependencies = (
				BCAB06BE2D8F1DC300B4AA36 /* PBXTargetDependency */,
			);
			fileSystemSynchronizedGroups = (
				BCAB06BF2D8F1DC300B4AA36 /* VintedTests */,
			);
			name = VintedTests;
			packageProductDependencies = (
			);
			productName = VintedTests;
			productReference = BCAB06BC2D8F1DC300B4AA36 /* VintedTests.xctest */;
			productType = "com.apple.product-type.bundle.unit-test";
		};
		BCAB06C52D8F1DC300B4AA36 /* VintedUITests */ = {
			isa = PBXNativeTarget;
			buildConfigurationList = BCAB06D62D8F1DC300B4AA36 /* Build configuration list for PBXNativeTarget "VintedUITests" */;
			buildPhases = (
				BCAB06C22D8F1DC300B4AA36 /* Sources */,
				BCAB06C32D8F1DC300B4AA36 /* Frameworks */,
				BCAB06C42D8F1DC300B4AA36 /* Resources */,
			);
			buildRules = (
			);
			dependencies = (
				BCAB06C82D8F1DC300B4AA36 /* PBXTargetDependency */,
			);
			fileSystemSynchronizedGroups = (
				BCAB06C92D8F1DC300B4AA36 /* VintedUITests */,
			);
			name = VintedUITests;
			packageProductDependencies = (
			);
			productName = VintedUITests;
			productReference = BCAB06C62D8F1DC300B4AA36 /* VintedUITests.xctest */;
			productType = "com.apple.product-type.bundle.ui-testing";
		};
/* End PBXNativeTarget section */

/* Begin PBXProject section */
		BCAB06A42D8F1DC100B4AA36 /* Project object */ = {
			isa = PBXProject;
			attributes = {
				BuildIndependentTargetsInParallel = 1;
				LastSwiftUpdateCheck = 1620;
				LastUpgradeCheck = 1620;
				TargetAttributes = {
					BCAB06AB2D8F1DC100B4AA36 = {
						CreatedOnToolsVersion = 16.2;
					};
					BCAB06BB2D8F1DC300B4AA36 = {
						CreatedOnToolsVersion = 16.2;
						TestTargetID = BCAB06AB2D8F1DC100B4AA36;
					};
					BCAB06C52D8F1DC300B4AA36 = {
						CreatedOnToolsVersion = 16.2;
						TestTargetID = BCAB06AB2D8F1DC100B4AA36;
					};
				};
			};
			buildConfigurationList = BCAB06A72D8F1DC100B4AA36 /* Build configuration list for PBXProject "Vinted" */;
			developmentRegion = en;
			hasScannedForEncodings = 0;
			knownRegions = (
				en,
				Base,
			);
			mainGroup = BCAB06A32D8F1DC100B4AA36;
			minimizedProjectReferenceProxies = 1;
			packageReferences = (
				BC1E600F2D971E3F000409A7 /* XCRemoteSwiftPackageReference "firebase-ios-sdk" */,
			);
			preferredProjectObjectVersion = 77;
			productRefGroup = BCAB06AD2D8F1DC100B4AA36 /* Products */;
			projectDirPath = "";
			projectRoot = "";
			targets = (
				BCAB06AB2D8F1DC100B4AA36 /* Vinted */,
				BCAB06BB2D8F1DC300B4AA36 /* VintedTests */,
				BCAB06C52D8F1DC300B4AA36 /* VintedUITests */,
			);
		};
/* End PBXProject section */

/* Begin PBXResourcesBuildPhase section */
		BCAB06AA2D8F1DC100B4AA36 /* Resources */ = {
			isa = PBXResourcesBuildPhase;
			buildActionMask = 2147483647;
			files = (
				BC1E600C2D96BF43000409A7 /* GoogleService-Info.plist in Resources */,
			);
			runOnlyForDeploymentPostprocessing = 0;
		};
		BCAB06BA2D8F1DC300B4AA36 /* Resources */ = {
			isa = PBXResourcesBuildPhase;
			buildActionMask = 2147483647;
			files = (
			);
			runOnlyForDeploymentPostprocessing = 0;
		};
		BCAB06C42D8F1DC300B4AA36 /* Resources */ = {
			isa = PBXResourcesBuildPhase;
			buildActionMask = 2147483647;
			files = (
			);
			runOnlyForDeploymentPostprocessing = 0;
		};
/* End PBXResourcesBuildPhase section */

/* Begin PBXSourcesBuildPhase section */
		BCAB06A82D8F1DC100B4AA36 /* Sources */ = {
			isa = PBXSourcesBuildPhase;
			buildActionMask = 2147483647;
			files = (
			);
			runOnlyForDeploymentPostprocessing = 0;
		};
		BCAB06B82D8F1DC300B4AA36 /* Sources */ = {
			isa = PBXSourcesBuildPhase;
			buildActionMask = 2147483647;
			files = (
			);
			runOnlyForDeploymentPostprocessing = 0;
		};
		BCAB06C22D8F1DC300B4AA36 /* Sources */ = {
			isa = PBXSourcesBuildPhase;
			buildActionMask = 2147483647;
			files = (
			);
			runOnlyForDeploymentPostprocessing = 0;
		};
/* End PBXSourcesBuildPhase section */

/* Begin PBXTargetDependency section */
		BCAB06BE2D8F1DC300B4AA36 /* PBXTargetDependency */ = {
			isa = PBXTargetDependency;
			target = BCAB06AB2D8F1DC100B4AA36 /* Vinted */;
			targetProxy = BCAB06BD2D8F1DC300B4AA36 /* PBXContainerItemProxy */;
		};
		BCAB06C82D8F1DC300B4AA36 /* PBXTargetDependency */ = {
			isa = PBXTargetDependency;
			target = BCAB06AB2D8F1DC100B4AA36 /* Vinted */;
			targetProxy = BCAB06C72D8F1DC300B4AA36 /* PBXContainerItemProxy */;
		};
/* End PBXTargetDependency section */

/* Begin XCBuildConfiguration section */
		BCAB06CE2D8F1DC300B4AA36 /* Debug */ = {
			isa = XCBuildConfiguration;
			buildSettings = {
				ALWAYS_SEARCH_USER_PATHS = NO;
				ASSETCATALOG_COMPILER_GENERATE_SWIFT_ASSET_SYMBOL_EXTENSIONS = YES;
				CLANG_ANALYZER_NONNULL = YES;
				CLANG_ANALYZER_NUMBER_OBJECT_CONVERSION = YES_AGGRESSIVE;
				CLANG_CXX_LANGUAGE_STANDARD = "gnu++20";
				CLANG_ENABLE_MODULES = YES;
				CLANG_ENABLE_OBJC_ARC = YES;
				CLANG_ENABLE_OBJC_WEAK = YES;
				CLANG_WARN_BLOCK_CAPTURE_AUTORELEASING = YES;
				CLANG_WARN_BOOL_CONVERSION = YES;
				CLANG_WARN_COMMA = YES;
				CLANG_WARN_CONSTANT_CONVERSION = YES;
				CLANG_WARN_DEPRECATED_OBJC_IMPLEMENTATIONS = YES;
				CLANG_WARN_DIRECT_OBJC_ISA_USAGE = YES_ERROR;
				CLANG_WARN_DOCUMENTATION_COMMENTS = YES;
				CLANG_WARN_EMPTY_BODY = YES;
				CLANG_WARN_ENUM_CONVERSION = YES;
				CLANG_WARN_INFINITE_RECURSION = YES;
				CLANG_WARN_INT_CONVERSION = YES;
				CLANG_WARN_NON_LITERAL_NULL_CONVERSION = YES;
				CLANG_WARN_OBJC_IMPLICIT_RETAIN_SELF = YES;
				CLANG_WARN_OBJC_LITERAL_CONVERSION = YES;
				CLANG_WARN_OBJC_ROOT_CLASS = YES_ERROR;
				CLANG_WARN_QUOTED_INCLUDE_IN_FRAMEWORK_HEADER = YES;
				CLANG_WARN_RANGE_LOOP_ANALYSIS = YES;
				CLANG_WARN_STRICT_PROTOTYPES = YES;
				CLANG_WARN_SUSPICIOUS_MOVE = YES;
				CLANG_WARN_UNGUARDED_AVAILABILITY = YES_AGGRESSIVE;
				CLANG_WARN_UNREACHABLE_CODE = YES;
				CLANG_WARN__DUPLICATE_METHOD_MATCH = YES;
				COPY_PHASE_STRIP = NO;
				DEBUG_INFORMATION_FORMAT = dwarf;
				ENABLE_STRICT_OBJC_MSGSEND = YES;
				ENABLE_TESTABILITY = YES;
				ENABLE_USER_SCRIPT_SANDBOXING = YES;
				GCC_C_LANGUAGE_STANDARD = gnu17;
				GCC_DYNAMIC_NO_PIC = NO;
				GCC_NO_COMMON_BLOCKS = YES;
				GCC_OPTIMIZATION_LEVEL = 0;
				GCC_PREPROCESSOR_DEFINITIONS = (
					"DEBUG=1",
					"$(inherited)",
				);
				GCC_WARN_64_TO_32_BIT_CONVERSION = YES;
				GCC_WARN_ABOUT_RETURN_TYPE = YES_ERROR;
				GCC_WARN_UNDECLARED_SELECTOR = YES;
				GCC_WARN_UNINITIALIZED_AUTOS = YES_AGGRESSIVE;
				GCC_WARN_UNUSED_FUNCTION = YES;
				GCC_WARN_UNUSED_VARIABLE = YES;
				IPHONEOS_DEPLOYMENT_TARGET = 18.2;
				LOCALIZATION_PREFERS_STRING_CATALOGS = YES;
				MTL_ENABLE_DEBUG_INFO = INCLUDE_SOURCE;
				MTL_FAST_MATH = YES;
				ONLY_ACTIVE_ARCH = YES;
				SDKROOT = iphoneos;
				SWIFT_ACTIVE_COMPILATION_CONDITIONS = "DEBUG $(inherited)";
				SWIFT_OPTIMIZATION_LEVEL = "-Onone";
			};
			name = Debug;
		};
		BCAB06CF2D8F1DC300B4AA36 /* Release */ = {
			isa = XCBuildConfiguration;
			buildSettings = {
				ALWAYS_SEARCH_USER_PATHS = NO;
				ASSETCATALOG_COMPILER_GENERATE_SWIFT_ASSET_SYMBOL_EXTENSIONS = YES;
				CLANG_ANALYZER_NONNULL = YES;
				CLANG_ANALYZER_NUMBER_OBJECT_CONVERSION = YES_AGGRESSIVE;
				CLANG_CXX_LANGUAGE_STANDARD = "gnu++20";
				CLANG_ENABLE_MODULES = YES;
				CLANG_ENABLE_OBJC_ARC = YES;
				CLANG_ENABLE_OBJC_WEAK = YES;
				CLANG_WARN_BLOCK_CAPTURE_AUTORELEASING = YES;
				CLANG_WARN_BOOL_CONVERSION = YES;
				CLANG_WARN_COMMA = YES;
				CLANG_WARN_CONSTANT_CONVERSION = YES;
				CLANG_WARN_DEPRECATED_OBJC_IMPLEMENTATIONS = YES;
				CLANG_WARN_DIRECT_OBJC_ISA_USAGE = YES_ERROR;
				CLANG_WARN_DOCUMENTATION_COMMENTS = YES;
				CLANG_WARN_EMPTY_BODY = YES;
				CLANG_WARN_ENUM_CONVERSION = YES;
				CLANG_WARN_INFINITE_RECURSION = YES;
				CLANG_WARN_INT_CONVERSION = YES;
				CLANG_WARN_NON_LITERAL_NULL_CONVERSION = YES;
				CLANG_WARN_OBJC_IMPLICIT_RETAIN_SELF = YES;
				CLANG_WARN_OBJC_LITERAL_CONVERSION = YES;
				CLANG_WARN_OBJC_ROOT_CLASS = YES_ERROR;
				CLANG_WARN_QUOTED_INCLUDE_IN_FRAMEWORK_HEADER = YES;
				CLANG_WARN_RANGE_LOOP_ANALYSIS = YES;
				CLANG_WARN_STRICT_PROTOTYPES = YES;
				CLANG_WARN_SUSPICIOUS_MOVE = YES;
				CLANG_WARN_UNGUARDED_AVAILABILITY = YES_AGGRESSIVE;
				CLANG_WARN_UNREACHABLE_CODE = YES;
				CLANG_WARN__DUPLICATE_METHOD_MATCH = YES;
				COPY_PHASE_STRIP = NO;
				DEBUG_INFORMATION_FORMAT = "dwarf-with-dsym";
				ENABLE_NS_ASSERTIONS = NO;
				ENABLE_STRICT_OBJC_MSGSEND = YES;
				ENABLE_USER_SCRIPT_SANDBOXING = YES;
				GCC_C_LANGUAGE_STANDARD = gnu17;
				GCC_NO_COMMON_BLOCKS = YES;
				GCC_WARN_64_TO_32_BIT_CONVERSION = YES;
				GCC_WARN_ABOUT_RETURN_TYPE = YES_ERROR;
				GCC_WARN_UNDECLARED_SELECTOR = YES;
				GCC_WARN_UNINITIALIZED_AUTOS = YES_AGGRESSIVE;
				GCC_WARN_UNUSED_FUNCTION = YES;
				GCC_WARN_UNUSED_VARIABLE = YES;
				IPHONEOS_DEPLOYMENT_TARGET = 18.2;
				LOCALIZATION_PREFERS_STRING_CATALOGS = YES;
				MTL_ENABLE_DEBUG_INFO = NO;
				MTL_FAST_MATH = YES;
				SDKROOT = iphoneos;
				SWIFT_COMPILATION_MODE = wholemodule;
				VALIDATE_PRODUCT = YES;
			};
			name = Release;
		};
		BCAB06D12D8F1DC300B4AA36 /* Debug */ = {
			isa = XCBuildConfiguration;
			buildSettings = {
				ASSETCATALOG_COMPILER_APPICON_NAME = AppIcon;
				ASSETCATALOG_COMPILER_GLOBAL_ACCENT_COLOR_NAME = AccentColor;
				CODE_SIGN_STYLE = Automatic;
				CURRENT_PROJECT_VERSION = 1;
				DEVELOPMENT_ASSET_PATHS = "\"Vinted/Preview Content\"";
				DEVELOPMENT_TEAM = HB6A27M96F;
				ENABLE_PREVIEWS = YES;
				GENERATE_INFOPLIST_FILE = YES;
				INFOPLIST_KEY_UIApplicationSceneManifest_Generation = YES;
				INFOPLIST_KEY_UIApplicationSupportsIndirectInputEvents = YES;
				INFOPLIST_KEY_UILaunchScreen_Generation = YES;
				INFOPLIST_KEY_UISupportedInterfaceOrientations_iPad = "UIInterfaceOrientationPortrait UIInterfaceOrientationPortraitUpsideDown UIInterfaceOrientationLandscapeLeft UIInterfaceOrientationLandscapeRight";
				INFOPLIST_KEY_UISupportedInterfaceOrientations_iPhone = "UIInterfaceOrientationPortrait UIInterfaceOrientationLandscapeLeft UIInterfaceOrientationLandscapeRight";
				LD_RUNPATH_SEARCH_PATHS = (
					"$(inherited)",
					"@executable_path/Frameworks",
				);
				MARKETING_VERSION = 1.0;
				PRODUCT_BUNDLE_IDENTIFIER = com.Rubban.Vinted;
				PRODUCT_NAME = "$(TARGET_NAME)";
				SWIFT_EMIT_LOC_STRINGS = YES;
				SWIFT_VERSION = 5.0;
				TARGETED_DEVICE_FAMILY = "1,2";
			};
			name = Debug;
		};
		BCAB06D22D8F1DC300B4AA36 /* Release */ = {
			isa = XCBuildConfiguration;
			buildSettings = {
				ASSETCATALOG_COMPILER_APPICON_NAME = AppIcon;
				ASSETCATALOG_COMPILER_GLOBAL_ACCENT_COLOR_NAME = AccentColor;
				CODE_SIGN_STYLE = Automatic;
				CURRENT_PROJECT_VERSION = 1;
				DEVELOPMENT_ASSET_PATHS = "\"Vinted/Preview Content\"";
				DEVELOPMENT_TEAM = HB6A27M96F;
				ENABLE_PREVIEWS = YES;
				GENERATE_INFOPLIST_FILE = YES;
				INFOPLIST_KEY_UIApplicationSceneManifest_Generation = YES;
				INFOPLIST_KEY_UIApplicationSupportsIndirectInputEvents = YES;
				INFOPLIST_KEY_UILaunchScreen_Generation = YES;
				INFOPLIST_KEY_UISupportedInterfaceOrientations_iPad = "UIInterfaceOrientationPortrait UIInterfaceOrientationPortraitUpsideDown UIInterfaceOrientationLandscapeLeft UIInterfaceOrientationLandscapeRight";
				INFOPLIST_KEY_UISupportedInterfaceOrientations_iPhone = "UIInterfaceOrientationPortrait UIInterfaceOrientationLandscapeLeft UIInterfaceOrientationLandscapeRight";
				LD_RUNPATH_SEARCH_PATHS = (
					"$(inherited)",
					"@executable_path/Frameworks",
				);
				MARKETING_VERSION = 1.0;
				PRODUCT_BUNDLE_IDENTIFIER = com.Rubban.Vinted;
				PRODUCT_NAME = "$(TARGET_NAME)";
				SWIFT_EMIT_LOC_STRINGS = YES;
				SWIFT_VERSION = 5.0;
				TARGETED_DEVICE_FAMILY = "1,2";
			};
			name = Release;
		};
		BCAB06D42D8F1DC300B4AA36 /* Debug */ = {
			isa = XCBuildConfiguration;
			buildSettings = {
				BUNDLE_LOADER = "$(TEST_HOST)";
				CODE_SIGN_STYLE = Automatic;
				CURRENT_PROJECT_VERSION = 1;
				DEVELOPMENT_TEAM = HB6A27M96F;
				GENERATE_INFOPLIST_FILE = YES;
				IPHONEOS_DEPLOYMENT_TARGET = 18.2;
				MARKETING_VERSION = 1.0;
				PRODUCT_BUNDLE_IDENTIFIER = com.Rubban.VintedTests;
				PRODUCT_NAME = "$(TARGET_NAME)";
				SWIFT_EMIT_LOC_STRINGS = NO;
				SWIFT_VERSION = 5.0;
				TARGETED_DEVICE_FAMILY = "1,2";
				TEST_HOST = "$(BUILT_PRODUCTS_DIR)/Vinted.app/$(BUNDLE_EXECUTABLE_FOLDER_PATH)/Vinted";
			};
			name = Debug;
		};
		BCAB06D52D8F1DC300B4AA36 /* Release */ = {
			isa = XCBuildConfiguration;
			buildSettings = {
				BUNDLE_LOADER = "$(TEST_HOST)";
				CODE_SIGN_STYLE = Automatic;
				CURRENT_PROJECT_VERSION = 1;
				DEVELOPMENT_TEAM = HB6A27M96F;
				GENERATE_INFOPLIST_FILE = YES;
				IPHONEOS_DEPLOYMENT_TARGET = 18.2;
				MARKETING_VERSION = 1.0;
				PRODUCT_BUNDLE_IDENTIFIER = com.Rubban.VintedTests;
				PRODUCT_NAME = "$(TARGET_NAME)";
				SWIFT_EMIT_LOC_STRINGS = NO;
				SWIFT_VERSION = 5.0;
				TARGETED_DEVICE_FAMILY = "1,2";
				TEST_HOST = "$(BUILT_PRODUCTS_DIR)/Vinted.app/$(BUNDLE_EXECUTABLE_FOLDER_PATH)/Vinted";
			};
			name = Release;
		};
		BCAB06D72D8F1DC300B4AA36 /* Debug */ = {
			isa = XCBuildConfiguration;
			buildSettings = {
				CODE_SIGN_STYLE = Automatic;
				CURRENT_PROJECT_VERSION = 1;
				DEVELOPMENT_TEAM = HB6A27M96F;
				GENERATE_INFOPLIST_FILE = YES;
				MARKETING_VERSION = 1.0;
				PRODUCT_BUNDLE_IDENTIFIER = com.Rubban.VintedUITests;
				PRODUCT_NAME = "$(TARGET_NAME)";
				SWIFT_EMIT_LOC_STRINGS = NO;
				SWIFT_VERSION = 5.0;
				TARGETED_DEVICE_FAMILY = "1,2";
				TEST_TARGET_NAME = Vinted;
			};
			name = Debug;
		};
		BCAB06D82D8F1DC300B4AA36 /* Release */ = {
			isa = XCBuildConfiguration;
			buildSettings = {
				CODE_SIGN_STYLE = Automatic;
				CURRENT_PROJECT_VERSION = 1;
				DEVELOPMENT_TEAM = HB6A27M96F;
				GENERATE_INFOPLIST_FILE = YES;
				MARKETING_VERSION = 1.0;
				PRODUCT_BUNDLE_IDENTIFIER = com.Rubban.VintedUITests;
				PRODUCT_NAME = "$(TARGET_NAME)";
				SWIFT_EMIT_LOC_STRINGS = NO;
				SWIFT_VERSION = 5.0;
				TARGETED_DEVICE_FAMILY = "1,2";
				TEST_TARGET_NAME = Vinted;
			};
			name = Release;
		};
/* End XCBuildConfiguration section */

/* Begin XCConfigurationList section */
		BCAB06A72D8F1DC100B4AA36 /* Build configuration list for PBXProject "Vinted" */ = {
			isa = XCConfigurationList;
			buildConfigurations = (
				BCAB06CE2D8F1DC300B4AA36 /* Debug */,
				BCAB06CF2D8F1DC300B4AA36 /* Release */,
			);
			defaultConfigurationIsVisible = 0;
			defaultConfigurationName = Release;
		};
		BCAB06D02D8F1DC300B4AA36 /* Build configuration list for PBXNativeTarget "Vinted" */ = {
			isa = XCConfigurationList;
			buildConfigurations = (
				BCAB06D12D8F1DC300B4AA36 /* Debug */,
				BCAB06D22D8F1DC300B4AA36 /* Release */,
			);
			defaultConfigurationIsVisible = 0;
			defaultConfigurationName = Release;
		};
		BCAB06D32D8F1DC300B4AA36 /* Build configuration list for PBXNativeTarget "VintedTests" */ = {
			isa = XCConfigurationList;
			buildConfigurations = (
				BCAB06D42D8F1DC300B4AA36 /* Debug */,
				BCAB06D52D8F1DC300B4AA36 /* Release */,
			);
			defaultConfigurationIsVisible = 0;
			defaultConfigurationName = Release;
		};
		BCAB06D62D8F1DC300B4AA36 /* Build configuration list for PBXNativeTarget "VintedUITests" */ = {
			isa = XCConfigurationList;
			buildConfigurations = (
				BCAB06D72D8F1DC300B4AA36 /* Debug */,
				BCAB06D82D8F1DC300B4AA36 /* Release */,
			);
			defaultConfigurationIsVisible = 0;
			defaultConfigurationName = Release;
		};
/* End XCConfigurationList section */

/* Begin XCRemoteSwiftPackageReference section */
		BC1E600F2D971E3F000409A7 /* XCRemoteSwiftPackageReference "firebase-ios-sdk" */ = {
			isa = XCRemoteSwiftPackageReference;
			repositoryURL = "https://github.com/firebase/firebase-ios-sdk";
			requirement = {
				kind = upToNextMajorVersion;
				minimumVersion = 11.10.0;
			};
		};
/* End XCRemoteSwiftPackageReference section */

/* Begin XCSwiftPackageProductDependency section */
		BC1E60102D971E3F000409A7 /* FirebaseAuth */ = {
			isa = XCSwiftPackageProductDependency;
			package = BC1E600F2D971E3F000409A7 /* XCRemoteSwiftPackageReference "firebase-ios-sdk" */;
			productName = FirebaseAuth;
		};
		BC1E60122D971E3F000409A7 /* FirebaseDatabase */ = {
			isa = XCSwiftPackageProductDependency;
			package = BC1E600F2D971E3F000409A7 /* XCRemoteSwiftPackageReference "firebase-ios-sdk" */;
			productName = FirebaseDatabase;
		};
		BC1E60142D971E3F000409A7 /* FirebaseFirestore */ = {
			isa = XCSwiftPackageProductDependency;
			package = BC1E600F2D971E3F000409A7 /* XCRemoteSwiftPackageReference "firebase-ios-sdk" */;
			productName = FirebaseFirestore;
		};
		BC1E60162D971E3F000409A7 /* FirebaseMessaging */ = {
			isa = XCSwiftPackageProductDependency;
			package = BC1E600F2D971E3F000409A7 /* XCRemoteSwiftPackageReference "firebase-ios-sdk" */;
			productName = FirebaseMessaging;
		};
		BC1E60182D971E3F000409A7 /* FirebaseStorage */ = {
			isa = XCSwiftPackageProductDependency;
			package = BC1E600F2D971E3F000409A7 /* XCRemoteSwiftPackageReference "firebase-ios-sdk" */;
			productName = FirebaseStorage;
		};
/* End XCSwiftPackageProductDependency section */
	};
	rootObject = BCAB06A42D8F1DC100B4AA36 /* Project object */;
}
